<?xml version="1.0" encoding="utf-8"?>
<Project ToolsVersion="4.0" xmlns="http://schemas.microsoft.com/developer/msbuild/2003">
  <ItemGroup>
    <Filter Include="fatfs">
      <UniqueIdentifier>{b46bdb68-2c0a-4669-9683-dc1a0240df2f}</UniqueIdentifier>
    </Filter>
    <Filter Include="fatfs\option">
      <UniqueIdentifier>{3046ce60-2693-4e37-9a56-24df0a5dc0c8}</UniqueIdentifier>
    </Filter>
  </ItemGroup>
  <ItemGroup>
    <ClCompile Include="fatfs\diskio.c">
      <Filter>fatfs</Filter>
    </ClCompile>
    <ClCompile Include="fatfs\ff.c">
      <Filter>fatfs</Filter>
    </ClCompile>
    <ClCompile Include="fatfs\option\ccsbcs.c">
      <Filter>fatfs\option</Filter>
    </ClCompile>
    <ClCompile Include="fatten.c" />
  </ItemGroup>
  <ItemGroup>
    <ClInclude Include="fatfs\diskio.h">
      <Filter>fatfs</Filter>
    </ClInclude>
    <ClInclude Include="fatfs\ff.h">
      <Filter>fatfs</Filter>
    </ClInclude>
    <ClInclude Include="fatfs\integer.h">
      <Filter>fatfs</Filter>
    </ClInclude>
    <ClInclude Include="fatfs\ffconf.h">
      <Filter>fatfs</Filter>
    </ClInclude>
  </ItemGroup>
  <ItemGroup>
    <Text Include="ReadMe.txt" />
  </ItemGroup>
</Project>